
Microsoft Visual Studio Solution File, Format Version 12.00
# Visual Studio 15
VisualStudioVersion = 15.0.33403.129
MinimumVisualStudioVersion = 10.0.40219.1
Project("{FAE04EC0-301F-11D3-BF4B-00C04F79EFBC}") = "ConvertNumericToText1", "ConvertNumericToText1\ConvertNumericToText1.csproj", "{9180979E-993B-4E5C-B979-E37FCC2BED91}"
EndProject
Global
	GlobalSection(SolutionConfigurationPlatforms) = preSolution
		Debug|Any CPU = Debug|Any CPU
		Release|Any CPU = Release|Any CPU
	EndGlobalSection
	GlobalSection(ProjectConfigurationPlatforms) = postSolution
		{9180979E-993B-4E5C-B979-E37FCC2BED91}.Debug|Any CPU.ActiveCfg = Debug|Any CPU
		{9180979E-993B-4E5C-B979-E37FCC2BED91}.Debug|Any CPU.Build.0 = Debug|Any CPU
		{9180979E-993B-4E5C-B979-E37FCC2BED91}.Release|Any CPU.ActiveCfg = Release|Any CPU
		{9180979E-993B-4E5C-B979-E37FCC2BED91}.Release|Any CPU.Build.0 = Release|Any CPU
	EndGlobalSection
	GlobalSection(SolutionProperties) = preSolution
		HideSolutionNode = FALSE
	EndGlobalSection
	GlobalSection(ExtensibilityGlobals) = postSolution
		SolutionGuid = {7A2737B2-962A-40D4-983E-8984F79D88CF}
	EndGlobalSection
EndGlobal
